
Microsoft Visual Studio Solution File, Format Version 12.00
Project("{FAE04EC0-301F-11D3-BF4B-00C04F79EFBC}") = "Asklepios.Api", "Asklepios\Asklepios.Api\Asklepios.Api.csproj", "{2AB4A0E3-5C12-467E-B324-792426365A59}"
EndProject
Project("{FAE04EC0-301F-11D3-BF4B-00C04F79EFBC}") = "Asklepios.Application", "Asklepios\Asklepios.Application\Asklepios.Application.csproj", "{58D0803B-CA07-4E83-8531-C90C6D5B5472}"
EndProject
Project("{FAE04EC0-301F-11D3-BF4B-00C04F79EFBC}") = "Asklepios.Core", "Asklepios\Asklepios.Core\Asklepios.Core.csproj", "{EB9550E5-9327-4E5F-A94A-C95C7212E2A0}"
EndProject
Project("{FAE04EC0-301F-11D3-BF4B-00C04F79EFBC}") = "Asklepios.Infrastructure", "Asklepios\Asklepios.Infrastructure\Asklepios.Infrastructure.csproj", "{C201FA79-7F43-479D-A5AB-A2238223C381}"
EndProject
Project("{2150E333-8FDC-42A3-9474-1A3956D46DE8}") = "Asklepios.Tests", "Asklepios.Tests", "{E731DFCC-AB6C-4A9E-B268-E4A31FBA2374}"
EndProject
Project("{FAE04EC0-301F-11D3-BF4B-00C04F79EFBC}") = "Asklepios.Users.UnitTests", "Asklepios.Tests\UnitTests\Asklepios.Users.UnitTests\Asklepios.Users.UnitTests.csproj", "{DCC275B9-AFE8-42F6-A5C2-7C60A59304A6}"
EndProject
Project("{FAE04EC0-301F-11D3-BF4B-00C04F79EFBC}") = "Asklepios.Patients.UnitTests", "Asklepios.Tests\UnitTests\Asklepios.Patients.UnitTests\Asklepios.Patients.UnitTests.csproj", "{593768FE-352B-414F-8EAA-95A291D0418C}"
EndProject
Project("{FAE04EC0-301F-11D3-BF4B-00C04F79EFBC}") = "Asklepios.Departments.UnitTests", "Asklepios.Tests\UnitTests\Asklepios.Departments.UnitTests\Asklepios.Departments.UnitTests.csproj", "{72608E20-8CE4-4716-8B3F-00F060D68FDC}"
EndProject
Project("{FAE04EC0-301F-11D3-BF4B-00C04F79EFBC}") = "Asklepios.Examinations.UnitTests", "Asklepios.Tests\UnitTests\Asklepios.Examinations.UnitTests\Asklepios.Examinations.UnitTests.csproj", "{4AFFE7F6-468B-4AAF-981E-F80A687B3C8D}"
EndProject
Project("{FAE04EC0-301F-11D3-BF4B-00C04F79EFBC}") = "Asklepios.IntegrationTests", "Asklepios.Tests\IntegrationTests\Asklepios.IntegrationTests\Asklepios.IntegrationTests.csproj", "{3B2B800B-28CB-4040-BED2-5BC02326111D}"
EndProject
Project("{FAE04EC0-301F-11D3-BF4B-00C04F79EFBC}") = "Asklepios.Clinics.UnitTests", "Asklepios.Tests\UnitTests\Asklepios.Clinics.UnitTests\Asklepios.Clinics.UnitTests\Asklepios.Clinics.UnitTests.csproj", "{30A71554-AF64-4F7D-AFA2-7CB88E7C0167}"
EndProject
Project("{FAE04EC0-301F-11D3-BF4B-00C04F79EFBC}") = "Asklepios.InfrastructureTests", "Asklepios.Tests\IntegrationTests\Asklepios.InfrastructureTests\Asklepios.InfrastructureTests.csproj", "{E9A85DE1-FDA4-4E21-98D5-CC91687E9DDC}"
EndProject
Global
	GlobalSection(SolutionConfigurationPlatforms) = preSolution
		Debug|Any CPU = Debug|Any CPU
		Release|Any CPU = Release|Any CPU
	EndGlobalSection
	GlobalSection(ProjectConfigurationPlatforms) = postSolution
		{2AB4A0E3-5C12-467E-B324-792426365A59}.Debug|Any CPU.ActiveCfg = Debug|Any CPU
		{2AB4A0E3-5C12-467E-B324-792426365A59}.Debug|Any CPU.Build.0 = Debug|Any CPU
		{2AB4A0E3-5C12-467E-B324-792426365A59}.Release|Any CPU.ActiveCfg = Release|Any CPU
		{2AB4A0E3-5C12-467E-B324-792426365A59}.Release|Any CPU.Build.0 = Release|Any CPU
		{58D0803B-CA07-4E83-8531-C90C6D5B5472}.Debug|Any CPU.ActiveCfg = Debug|Any CPU
		{58D0803B-CA07-4E83-8531-C90C6D5B5472}.Debug|Any CPU.Build.0 = Debug|Any CPU
		{58D0803B-CA07-4E83-8531-C90C6D5B5472}.Release|Any CPU.ActiveCfg = Release|Any CPU
		{58D0803B-CA07-4E83-8531-C90C6D5B5472}.Release|Any CPU.Build.0 = Release|Any CPU
		{EB9550E5-9327-4E5F-A94A-C95C7212E2A0}.Debug|Any CPU.ActiveCfg = Debug|Any CPU
		{EB9550E5-9327-4E5F-A94A-C95C7212E2A0}.Debug|Any CPU.Build.0 = Debug|Any CPU
		{EB9550E5-9327-4E5F-A94A-C95C7212E2A0}.Release|Any CPU.ActiveCfg = Release|Any CPU
		{EB9550E5-9327-4E5F-A94A-C95C7212E2A0}.Release|Any CPU.Build.0 = Release|Any CPU
		{C201FA79-7F43-479D-A5AB-A2238223C381}.Debug|Any CPU.ActiveCfg = Debug|Any CPU
		{C201FA79-7F43-479D-A5AB-A2238223C381}.Debug|Any CPU.Build.0 = Debug|Any CPU
		{C201FA79-7F43-479D-A5AB-A2238223C381}.Release|Any CPU.ActiveCfg = Release|Any CPU
		{C201FA79-7F43-479D-A5AB-A2238223C381}.Release|Any CPU.Build.0 = Release|Any CPU
		{DCC275B9-AFE8-42F6-A5C2-7C60A59304A6}.Debug|Any CPU.ActiveCfg = Debug|Any CPU
		{DCC275B9-AFE8-42F6-A5C2-7C60A59304A6}.Debug|Any CPU.Build.0 = Debug|Any CPU
		{DCC275B9-AFE8-42F6-A5C2-7C60A59304A6}.Release|Any CPU.ActiveCfg = Release|Any CPU
		{DCC275B9-AFE8-42F6-A5C2-7C60A59304A6}.Release|Any CPU.Build.0 = Release|Any CPU
		{593768FE-352B-414F-8EAA-95A291D0418C}.Debug|Any CPU.ActiveCfg = Debug|Any CPU
		{593768FE-352B-414F-8EAA-95A291D0418C}.Debug|Any CPU.Build.0 = Debug|Any CPU
		{593768FE-352B-414F-8EAA-95A291D0418C}.Release|Any CPU.ActiveCfg = Release|Any CPU
		{593768FE-352B-414F-8EAA-95A291D0418C}.Release|Any CPU.Build.0 = Release|Any CPU
		{72608E20-8CE4-4716-8B3F-00F060D68FDC}.Debug|Any CPU.ActiveCfg = Debug|Any CPU
		{72608E20-8CE4-4716-8B3F-00F060D68FDC}.Debug|Any CPU.Build.0 = Debug|Any CPU
		{72608E20-8CE4-4716-8B3F-00F060D68FDC}.Release|Any CPU.ActiveCfg = Release|Any CPU
		{72608E20-8CE4-4716-8B3F-00F060D68FDC}.Release|Any CPU.Build.0 = Release|Any CPU
		{4AFFE7F6-468B-4AAF-981E-F80A687B3C8D}.Debug|Any CPU.ActiveCfg = Debug|Any CPU
		{4AFFE7F6-468B-4AAF-981E-F80A687B3C8D}.Debug|Any CPU.Build.0 = Debug|Any CPU
		{4AFFE7F6-468B-4AAF-981E-F80A687B3C8D}.Release|Any CPU.ActiveCfg = Release|Any CPU
		{4AFFE7F6-468B-4AAF-981E-F80A687B3C8D}.Release|Any CPU.Build.0 = Release|Any CPU
		{3B2B800B-28CB-4040-BED2-5BC02326111D}.Debug|Any CPU.ActiveCfg = Debug|Any CPU
		{3B2B800B-28CB-4040-BED2-5BC02326111D}.Debug|Any CPU.Build.0 = Debug|Any CPU
		{3B2B800B-28CB-4040-BED2-5BC02326111D}.Release|Any CPU.ActiveCfg = Release|Any CPU
		{3B2B800B-28CB-4040-BED2-5BC02326111D}.Release|Any CPU.Build.0 = Release|Any CPU
		{30A71554-AF64-4F7D-AFA2-7CB88E7C0167}.Debug|Any CPU.ActiveCfg = Debug|Any CPU
		{30A71554-AF64-4F7D-AFA2-7CB88E7C0167}.Debug|Any CPU.Build.0 = Debug|Any CPU
		{30A71554-AF64-4F7D-AFA2-7CB88E7C0167}.Release|Any CPU.ActiveCfg = Release|Any CPU
		{30A71554-AF64-4F7D-AFA2-7CB88E7C0167}.Release|Any CPU.Build.0 = Release|Any CPU
		{E9A85DE1-FDA4-4E21-98D5-CC91687E9DDC}.Debug|Any CPU.ActiveCfg = Debug|Any CPU
		{E9A85DE1-FDA4-4E21-98D5-CC91687E9DDC}.Debug|Any CPU.Build.0 = Debug|Any CPU
		{E9A85DE1-FDA4-4E21-98D5-CC91687E9DDC}.Release|Any CPU.ActiveCfg = Release|Any CPU
		{E9A85DE1-FDA4-4E21-98D5-CC91687E9DDC}.Release|Any CPU.Build.0 = Release|Any CPU
	EndGlobalSection
	GlobalSection(NestedProjects) = preSolution
		{DCC275B9-AFE8-42F6-A5C2-7C60A59304A6} = {E731DFCC-AB6C-4A9E-B268-E4A31FBA2374}
		{593768FE-352B-414F-8EAA-95A291D0418C} = {E731DFCC-AB6C-4A9E-B268-E4A31FBA2374}
		{72608E20-8CE4-4716-8B3F-00F060D68FDC} = {E731DFCC-AB6C-4A9E-B268-E4A31FBA2374}
		{4AFFE7F6-468B-4AAF-981E-F80A687B3C8D} = {E731DFCC-AB6C-4A9E-B268-E4A31FBA2374}
		{3B2B800B-28CB-4040-BED2-5BC02326111D} = {E731DFCC-AB6C-4A9E-B268-E4A31FBA2374}
		{30A71554-AF64-4F7D-AFA2-7CB88E7C0167} = {E731DFCC-AB6C-4A9E-B268-E4A31FBA2374}
		{E9A85DE1-FDA4-4E21-98D5-CC91687E9DDC} = {E731DFCC-AB6C-4A9E-B268-E4A31FBA2374}
	EndGlobalSection
EndGlobal
